
Microsoft Visual Studio Solution File, Format Version 12.00
# Visual Studio Version 16
VisualStudioVersion = 16.0.29609.76
MinimumVisualStudioVersion = 10.0.40219.1
Project("{FAE04EC0-301F-11D3-BF4B-00C04F79EFBC}") = "MVC_Movie_ASPCore", "MVC_Movie_ASPCore.csproj", "{A870CDE4-ECFC-4871-9E2C-814E2044BBA4}"
EndProject
Global
	GlobalSection(SolutionConfigurationPlatforms) = preSolution
		Debug|Any CPU = Debug|Any CPU
		Release|Any CPU = Release|Any CPU
	EndGlobalSection
	GlobalSection(ProjectConfigurationPlatforms) = postSolution
		{A870CDE4-ECFC-4871-9E2C-814E2044BBA4}.Debug|Any CPU.ActiveCfg = Debug|Any CPU
		{A870CDE4-ECFC-4871-9E2C-814E2044BBA4}.Debug|Any CPU.Build.0 = Debug|Any CPU
		{A870CDE4-ECFC-4871-9E2C-814E2044BBA4}.Release|Any CPU.ActiveCfg = Release|Any CPU
		{A870CDE4-ECFC-4871-9E2C-814E2044BBA4}.Release|Any CPU.Build.0 = Release|Any CPU
	EndGlobalSection
	GlobalSection(SolutionProperties) = preSolution
		HideSolutionNode = FALSE
	EndGlobalSection
	GlobalSection(ExtensibilityGlobals) = postSolution
		SolutionGuid = {A7637E18-B003-4520-8577-9164E2EFB7C8}
	EndGlobalSection
EndGlobal
